// !$*UTF8*$!
{
	archiveVersion = 1;
	classes = {
	};
	objectVersion = 50;
	objects = {

/* Begin PBXBuildFile section */
		BA4EF97F28F73C3D004A283B /* Game.swift in Sources */ = {isa = PBXBuildFile; fileRef = BA4EF97E28F73C3D004A283B /* Game.swift */; };
		BA4EF98028F73C3D004A283B /* Game.swift in Sources */ = {isa = PBXBuildFile; fileRef = BA4EF97E28F73C3D004A283B /* Game.swift */; };
		BA51B41B28ED808700E67A55 /* hw2App.swift in Sources */ = {isa = PBXBuildFile; fileRef = BA51B40828ED808600E67A55 /* hw2App.swift */; };
		BA51B41C28ED808700E67A55 /* hw2App.swift in Sources */ = {isa = PBXBuildFile; fileRef = BA51B40828ED808600E67A55 /* hw2App.swift */; };
		BA51B41D28ED808700E67A55 /* ContentView.swift in Sources */ = {isa = PBXBuildFile; fileRef = BA51B40928ED808600E67A55 /* ContentView.swift */; };
		BA51B41E28ED808700E67A55 /* ContentView.swift in Sources */ = {isa = PBXBuildFile; fileRef = BA51B40928ED808600E67A55 /* ContentView.swift */; };
		BA51B41F28ED808700E67A55 /* Assets.xcassets in Resources */ = {isa = PBXBuildFile; fileRef = BA51B40A28ED808700E67A55 /* Assets.xcassets */; };
		BA51B42028ED808700E67A55 /* Assets.xcassets in Resources */ = {isa = PBXBuildFile; fileRef = BA51B40A28ED808700E67A55 /* Assets.xcassets */; };
/* End PBXBuildFile section */

/* Begin PBXFileReference section */
		BA4EF97E28F73C3D004A283B /* Game.swift */ = {isa = PBXFileReference; lastKnownFileType = sourcecode.swift; path = Game.swift; sourceTree = "<group>"; };
		BA51B40828ED808600E67A55 /* hw2App.swift */ = {isa = PBXFileReference; lastKnownFileType = sourcecode.swift; path = hw2App.swift; sourceTree = "<group>"; };
		BA51B40928ED808600E67A55 /* ContentView.swift */ = {isa = PBXFileReference; lastKnownFileType = sourcecode.swift; path = ContentView.swift; sourceTree = "<group>"; };
		BA51B40A28ED808700E67A55 /* Assets.xcassets */ = {isa = PBXFileReference; lastKnownFileType = folder.assetcatalog; path = Assets.xcassets; sourceTree = "<group>"; };
		BA51B40F28ED808700E67A55 /* hw2.app */ = {isa = PBXFileReference; explicitFileType = wrapper.application; includeInIndex = 0; path = hw2.app; sourceTree = BUILT_PRODUCTS_DIR; };
		BA51B41228ED808700E67A55 /* Info.plist */ = {isa = PBXFileReference; lastKnownFileType = text.plist.xml; path = Info.plist; sourceTree = "<group>"; };
		BA51B41728ED808700E67A55 /* hw2.app */ = {isa = PBXFileReference; explicitFileType = wrapper.application; includeInIndex = 0; path = hw2.app; sourceTree = BUILT_PRODUCTS_DIR; };
		BA51B41928ED808700E67A55 /* Info.plist */ = {isa = PBXFileReference; lastKnownFileType = text.plist.xml; path = Info.plist; sourceTree = "<group>"; };
		BA51B41A28ED808700E67A55 /* macOS.entitlements */ = {isa = PBXFileReference; lastKnownFileType = text.plist.entitlements; path = macOS.entitlements; sourceTree = "<group>"; };
/* End PBXFileReference section */

/* Begin PBXFrameworksBuildPhase section */
		BA51B40C28ED808700E67A55 /* Frameworks */ = {
			isa = PBXFrameworksBuildPhase;
			buildActionMask = 2147483647;
			files = (
			);
			runOnlyForDeploymentPostprocessing = 0;
		};
		BA51B41428ED808700E67A55 /* Frameworks */ = {
			isa = PBXFrameworksBuildPhase;
			buildActionMask = 2147483647;
			files = (
			);
			runOnlyForDeploymentPostprocessing = 0;
		};
/* End PBXFrameworksBuildPhase section */

/* Begin PBXGroup section */
		BA51B40228ED808600E67A55 = {
			isa = PBXGroup;
			children = (
				BA51B40728ED808600E67A55 /* Shared */,
				BA51B41128ED808700E67A55 /* iOS */,
				BA51B41828ED808700E67A55 /* macOS */,
				BA51B41028ED808700E67A55 /* Products */,
			);
			sourceTree = "<group>";
		};
		BA51B40728ED808600E67A55 /* Shared */ = {
			isa = PBXGroup;
			children = (
				BA51B40828ED808600E67A55 /* hw2App.swift */,
				BA51B40928ED808600E67A55 /* ContentView.swift */,
				BA51B40A28ED808700E67A55 /* Assets.xcassets */,
				BA4EF97E28F73C3D004A283B /* Game.swift */,
			);
			path = Shared;
			sourceTree = "<group>";
		};
		BA51B41028ED808700E67A55 /* Products */ = {
			isa = PBXGroup;
			children = (
				BA51B40F28ED808700E67A55 /* hw2.app */,
				BA51B41728ED808700E67A55 /* hw2.app */,
			);
			name = Products;
			sourceTree = "<group>";
		};
		BA51B41128ED808700E67A55 /* iOS */ = {
			isa = PBXGroup;
			children = (
				BA51B41228ED808700E67A55 /* Info.plist */,
			);
			path = iOS;
			sourceTree = "<group>";
		};
		BA51B41828ED808700E67A55 /* macOS */ = {
			isa = PBXGroup;
			children = (
				BA51B41928ED808700E67A55 /* Info.plist */,
				BA51B41A28ED808700E67A55 /* macOS.entitlements */,
			);
			path = macOS;
			sourceTree = "<group>";
		};
/* End PBXGroup section */

/* Begin PBXNativeTarget section */
		BA51B40E28ED808700E67A55 /* hw2 (iOS) */ = {
			isa = PBXNativeTarget;
			buildConfigurationList = BA51B42328ED808700E67A55 /* Build configuration list for PBXNativeTarget "hw2 (iOS)" */;
			buildPhases = (
				BA51B40B28ED808700E67A55 /* Sources */,
				BA51B40C28ED808700E67A55 /* Frameworks */,
				BA51B40D28ED808700E67A55 /* Resources */,
			);
			buildRules = (
			);
			dependencies = (
			);
			name = "hw2 (iOS)";
			productName = "hw2 (iOS)";
			productReference = BA51B40F28ED808700E67A55 /* hw2.app */;
			productType = "com.apple.product-type.application";
		};
		BA51B41628ED808700E67A55 /* hw2 (macOS) */ = {
			isa = PBXNativeTarget;
			buildConfigurationList = BA51B42628ED808700E67A55 /* Build configuration list for PBXNativeTarget "hw2 (macOS)" */;
			buildPhases = (
				BA51B41328ED808700E67A55 /* Sources */,
				BA51B41428ED808700E67A55 /* Frameworks */,
				BA51B41528ED808700E67A55 /* Resources */,
			);
			buildRules = (
			);
			dependencies = (
			);
			name = "hw2 (macOS)";
			productName = "hw2 (macOS)";
			productReference = BA51B41728ED808700E67A55 /* hw2.app */;
			productType = "com.apple.product-type.application";
		};
/* End PBXNativeTarget section */

/* Begin PBXProject section */
		BA51B40328ED808600E67A55 /* Project object */ = {
			isa = PBXProject;
			attributes = {
				LastSwiftUpdateCheck = 1240;
				LastUpgradeCheck = 1240;
				TargetAttributes = {
					BA51B40E28ED808700E67A55 = {
						CreatedOnToolsVersion = 12.4;
					};
					BA51B41628ED808700E67A55 = {
						CreatedOnToolsVersion = 12.4;
					};
				};
			};
			buildConfigurationList = BA51B40628ED808600E67A55 /* Build configuration list for PBXProject "hw2" */;
			compatibilityVersion = "Xcode 9.3";
			developmentRegion = en;
			hasScannedForEncodings = 0;
			knownRegions = (
				en,
				Base,
			);
			mainGroup = BA51B40228ED808600E67A55;
			productRefGroup = BA51B41028ED808700E67A55 /* Products */;
			projectDirPath = "";
			projectRoot = "";
			targets = (
				BA51B40E28ED808700E67A55 /* hw2 (iOS) */,
				BA51B41628ED808700E67A55 /* hw2 (macOS) */,
			);
		};
/* End PBXProject section */

/* Begin PBXResourcesBuildPhase section */
		BA51B40D28ED808700E67A55 /* Resources */ = {
			isa = PBXResourcesBuildPhase;
			buildActionMask = 2147483647;
			files = (
				BA51B41F28ED808700E67A55 /* Assets.xcassets in Resources */,
			);
			runOnlyForDeploymentPostprocessing = 0;
		};
		BA51B41528ED808700E67A55 /* Resources */ = {
			isa = PBXResourcesBuildPhase;
			buildActionMask = 2147483647;
			files = (
				BA51B42028ED808700E67A55 /* Assets.xcassets in Resources */,
			);
			runOnlyForDeploymentPostprocessing = 0;
		};
/* End PBXResourcesBuildPhase section */

/* Begin PBXSourcesBuildPhase section */
		BA51B40B28ED808700E67A55 /* Sources */ = {
			isa = PBXSourcesBuildPhase;
			buildActionMask = 2147483647;
			files = (
				BA51B41D28ED808700E67A55 /* ContentView.swift in Sources */,
				BA4EF97F28F73C3D004A283B /* Game.swift in Sources */,
				BA51B41B28ED808700E67A55 /* hw2App.swift in Sources */,
			);
			runOnlyForDeploymentPostprocessing = 0;
		};
		BA51B41328ED808700E67A55 /* Sources */ = {
			isa = PBXSourcesBuildPhase;
			buildActionMask = 2147483647;
			files = (
				BA51B41E28ED808700E67A55 /* ContentView.swift in Sources */,
				BA4EF98028F73C3D004A283B /* Game.swift in Sources */,
				BA51B41C28ED808700E67A55 /* hw2App.swift in Sources */,
			);
			runOnlyForDeploymentPostprocessing = 0;
		};
/* End PBXSourcesBuildPhase section */

/* Begin XCBuildConfiguration section */
		BA51B42128ED808700E67A55 /* Debug */ = {
			isa = XCBuildConfiguration;
			buildSettings = {
				ALWAYS_SEARCH_USER_PATHS = NO;
				CLANG_ANALYZER_NONNULL = YES;
				CLANG_ANALYZER_NUMBER_OBJECT_CONVERSION = YES_AGGRESSIVE;
				CLANG_CXX_LANGUAGE_STANDARD = "gnu++14";
				CLANG_CXX_LIBRARY = "libc++";
				CLANG_ENABLE_MODULES = YES;
				CLANG_ENABLE_OBJC_ARC = YES;
				CLANG_ENABLE_OBJC_WEAK = YES;
				CLANG_WARN_BLOCK_CAPTURE_AUTORELEASING = YES;
				CLANG_WARN_BOOL_CONVERSION = YES;
				CLANG_WARN_COMMA = YES;
				CLANG_WARN_CONSTANT_CONVERSION = YES;
				CLANG_WARN_DEPRECATED_OBJC_IMPLEMENTATIONS = YES;
				CLANG_WARN_DIRECT_OBJC_ISA_USAGE = YES_ERROR;
				CLANG_WARN_DOCUMENTATION_COMMENTS = YES;
				CLANG_WARN_EMPTY_BODY = YES;
				CLANG_WARN_ENUM_CONVERSION = YES;
				CLANG_WARN_INFINITE_RECURSION = YES;
				CLANG_WARN_INT_CONVERSION = YES;
				CLANG_WARN_NON_LITERAL_NULL_CONVERSION = YES;
				CLANG_WARN_OBJC_IMPLICIT_RETAIN_SELF = YES;
				CLANG_WARN_OBJC_LITERAL_CONVERSION = YES;
				CLANG_WARN_OBJC_ROOT_CLASS = YES_ERROR;
				CLANG_WARN_QUOTED_INCLUDE_IN_FRAMEWORK_HEADER = YES;
				CLANG_WARN_RANGE_LOOP_ANALYSIS = YES;
				CLANG_WARN_STRICT_PROTOTYPES = YES;
				CLANG_WARN_SUSPICIOUS_MOVE = YES;
				CLANG_WARN_UNGUARDED_AVAILABILITY = YES_AGGRESSIVE;
				CLANG_WARN_UNREACHABLE_CODE = YES;
				CLANG_WARN__DUPLICATE_METHOD_MATCH = YES;
				COPY_PHASE_STRIP = NO;
				DEBUG_INFORMATION_FORMAT = dwarf;
				ENABLE_STRICT_OBJC_MSGSEND = YES;
				ENABLE_TESTABILITY = YES;
				GCC_C_LANGUAGE_STANDARD = gnu11;
				GCC_DYNAMIC_NO_PIC = NO;
				GCC_NO_COMMON_BLOCKS = YES;
				GCC_OPTIMIZATION_LEVEL = 0;
				GCC_PREPROCESSOR_DEFINITIONS = (
					"DEBUG=1",
					"$(inherited)",
				);
				GCC_WARN_64_TO_32_BIT_CONVERSION = YES;
				GCC_WARN_ABOUT_RETURN_TYPE = YES_ERROR;
				GCC_WARN_UNDECLARED_SELECTOR = YES;
				GCC_WARN_UNINITIALIZED_AUTOS = YES_AGGRESSIVE;
				GCC_WARN_UNUSED_FUNCTION = YES;
				GCC_WARN_UNUSED_VARIABLE = YES;
				MTL_ENABLE_DEBUG_INFO = INCLUDE_SOURCE;
				MTL_FAST_MATH = YES;
				ONLY_ACTIVE_ARCH = YES;
				SWIFT_ACTIVE_COMPILATION_CONDITIONS = DEBUG;
				SWIFT_OPTIMIZATION_LEVEL = "-Onone";
			};
			name = Debug;
		};
		BA51B42228ED808700E67A55 /* Release */ = {
			isa = XCBuildConfiguration;
			buildSettings = {
				ALWAYS_SEARCH_USER_PATHS = NO;
				CLANG_ANALYZER_NONNULL = YES;
				CLANG_ANALYZER_NUMBER_OBJECT_CONVERSION = YES_AGGRESSIVE;
				CLANG_CXX_LANGUAGE_STANDARD = "gnu++14";
				CLANG_CXX_LIBRARY = "libc++";
				CLANG_ENABLE_MODULES = YES;
				CLANG_ENABLE_OBJC_ARC = YES;
				CLANG_ENABLE_OBJC_WEAK = YES;
				CLANG_WARN_BLOCK_CAPTURE_AUTORELEASING = YES;
				CLANG_WARN_BOOL_CONVERSION = YES;
				CLANG_WARN_COMMA = YES;
				CLANG_WARN_CONSTANT_CONVERSION = YES;
				CLANG_WARN_DEPRECATED_OBJC_IMPLEMENTATIONS = YES;
				CLANG_WARN_DIRECT_OBJC_ISA_USAGE = YES_ERROR;
				CLANG_WARN_DOCUMENTATION_COMMENTS = YES;
				CLANG_WARN_EMPTY_BODY = YES;
				CLANG_WARN_ENUM_CONVERSION = YES;
				CLANG_WARN_INFINITE_RECURSION = YES;
				CLANG_WARN_INT_CONVERSION = YES;
				CLANG_WARN_NON_LITERAL_NULL_CONVERSION = YES;
				CLANG_WARN_OBJC_IMPLICIT_RETAIN_SELF = YES;
				CLANG_WARN_OBJC_LITERAL_CONVERSION = YES;
				CLANG_WARN_OBJC_ROOT_CLASS = YES_ERROR;
				CLANG_WARN_QUOTED_INCLUDE_IN_FRAMEWORK_HEADER = YES;
				CLANG_WARN_RANGE_LOOP_ANALYSIS = YES;
				CLANG_WARN_STRICT_PROTOTYPES = YES;
				CLANG_WARN_SUSPICIOUS_MOVE = YES;
				CLANG_WARN_UNGUARDED_AVAILABILITY = YES_AGGRESSIVE;
				CLANG_WARN_UNREACHABLE_CODE = YES;
				CLANG_WARN__DUPLICATE_METHOD_MATCH = YES;
				COPY_PHASE_STRIP = NO;
				DEBUG_INFORMATION_FORMAT = "dwarf-with-dsym";
				ENABLE_NS_ASSERTIONS = NO;
				ENABLE_STRICT_OBJC_MSGSEND = YES;
				GCC_C_LANGUAGE_STANDARD = gnu11;
				GCC_NO_COMMON_BLOCKS = YES;
				GCC_WARN_64_TO_32_BIT_CONVERSION = YES;
				GCC_WARN_ABOUT_RETURN_TYPE = YES_ERROR;
				GCC_WARN_UNDECLARED_SELECTOR = YES;
				GCC_WARN_UNINITIALIZED_AUTOS = YES_AGGRESSIVE;
				GCC_WARN_UNUSED_FUNCTION = YES;
				GCC_WARN_UNUSED_VARIABLE = YES;
				MTL_ENABLE_DEBUG_INFO = NO;
				MTL_FAST_MATH = YES;
				SWIFT_COMPILATION_MODE = wholemodule;
				SWIFT_OPTIMIZATION_LEVEL = "-O";
			};
			name = Release;
		};
		BA51B42428ED808700E67A55 /* Debug */ = {
			isa = XCBuildConfiguration;
			buildSettings = {
				ASSETCATALOG_COMPILER_APPICON_NAME = AppIcon;
				ASSETCATALOG_COMPILER_GLOBAL_ACCENT_COLOR_NAME = AccentColor;
				CODE_SIGN_STYLE = Automatic;
				DEVELOPMENT_TEAM = M2NFRJ9AUG;
				ENABLE_PREVIEWS = YES;
				INFOPLIST_FILE = iOS/Info.plist;
				IPHONEOS_DEPLOYMENT_TARGET = 14.0;
				LD_RUNPATH_SEARCH_PATHS = (
					"$(inherited)",
					"@executable_path/Frameworks",
				);
				PRODUCT_BUNDLE_IDENTIFIER = com.hw2;
				PRODUCT_NAME = hw2;
				SDKROOT = iphoneos;
				SWIFT_VERSION = 5.0;
				TARGETED_DEVICE_FAMILY = "1,2";
			};
			name = Debug;
		};
		BA51B42528ED808700E67A55 /* Release */ = {
			isa = XCBuildConfiguration;
			buildSettings = {
				ASSETCATALOG_COMPILER_APPICON_NAME = AppIcon;
				ASSETCATALOG_COMPILER_GLOBAL_ACCENT_COLOR_NAME = AccentColor;
				CODE_SIGN_STYLE = Automatic;
				DEVELOPMENT_TEAM = M2NFRJ9AUG;
				ENABLE_PREVIEWS = YES;
				INFOPLIST_FILE = iOS/Info.plist;
				IPHONEOS_DEPLOYMENT_TARGET = 14.0;
				LD_RUNPATH_SEARCH_PATHS = (
					"$(inherited)",
					"@executable_path/Frameworks",
				);
				PRODUCT_BUNDLE_IDENTIFIER = com.hw2;
				PRODUCT_NAME = hw2;
				SDKROOT = iphoneos;
				SWIFT_VERSION = 5.0;
				TARGETED_DEVICE_FAMILY = "1,2";
				VALIDATE_PRODUCT = YES;
			};
			name = Release;
		};
		BA51B42728ED808700E67A55 /* Debug */ = {
			isa = XCBuildConfiguration;
			buildSettings = {
				ASSETCATALOG_COMPILER_APPICON_NAME = AppIcon;
				ASSETCATALOG_COMPILER_GLOBAL_ACCENT_COLOR_NAME = AccentColor;
				CODE_SIGN_ENTITLEMENTS = macOS/macOS.entitlements;
				CODE_SIGN_STYLE = Automatic;
				COMBINE_HIDPI_IMAGES = YES;
				ENABLE_PREVIEWS = YES;
				INFOPLIST_FILE = macOS/Info.plist;
				LD_RUNPATH_SEARCH_PATHS = (
					"$(inherited)",
					"@executable_path/../Frameworks",
				);
				MACOSX_DEPLOYMENT_TARGET = 11.0;
				PRODUCT_BUNDLE_IDENTIFIER = com.hw2;
				PRODUCT_NAME = hw2;
				SDKROOT = macosx;
				SWIFT_VERSION = 5.0;
			};
			name = Debug;
		};
		BA51B42828ED808700E67A55 /* Release */ = {
			isa = XCBuildConfiguration;
			buildSettings = {
				ASSETCATALOG_COMPILER_APPICON_NAME = AppIcon;
				ASSETCATALOG_COMPILER_GLOBAL_ACCENT_COLOR_NAME = AccentColor;
				CODE_SIGN_ENTITLEMENTS = macOS/macOS.entitlements;
				CODE_SIGN_STYLE = Automatic;
				COMBINE_HIDPI_IMAGES = YES;
				ENABLE_PREVIEWS = YES;
				INFOPLIST_FILE = macOS/Info.plist;
				LD_RUNPATH_SEARCH_PATHS = (
					"$(inherited)",
					"@executable_path/../Frameworks",
				);
				MACOSX_DEPLOYMENT_TARGET = 11.0;
				PRODUCT_BUNDLE_IDENTIFIER = com.hw2;
				PRODUCT_NAME = hw2;
				SDKROOT = macosx;
				SWIFT_VERSION = 5.0;
			};
			name = Release;
		};
/* End XCBuildConfiguration section */

/* Begin XCConfigurationList section */
		BA51B40628ED808600E67A55 /* Build configuration list for PBXProject "hw2" */ = {
			isa = XCConfigurationList;
			buildConfigurations = (
				BA51B42128ED808700E67A55 /* Debug */,
				BA51B42228ED808700E67A55 /* Release */,
			);
			defaultConfigurationIsVisible = 0;
			defaultConfigurationName = Release;
		};
		BA51B42328ED808700E67A55 /* Build configuration list for PBXNativeTarget "hw2 (iOS)" */ = {
			isa = XCConfigurationList;
			buildConfigurations = (
				BA51B42428ED808700E67A55 /* Debug */,
				BA51B42528ED808700E67A55 /* Release */,
			);
			defaultConfigurationIsVisible = 0;
			defaultConfigurationName = Release;
		};
		BA51B42628ED808700E67A55 /* Build configuration list for PBXNativeTarget "hw2 (macOS)" */ = {
			isa = XCConfigurationList;
			buildConfigurations = (
				BA51B42728ED808700E67A55 /* Debug */,
				BA51B42828ED808700E67A55 /* Release */,
			);
			defaultConfigurationIsVisible = 0;
			defaultConfigurationName = Release;
		};
/* End XCConfigurationList section */
	};
	rootObject = BA51B40328ED808600E67A55 /* Project object */;
}
